
Microsoft Visual Studio Solution File, Format Version 11.00
# Visual Studio 2010
Project("{8BC9CEB8-8B4A-11D0-8D11-00A0C91BC942}") = "datastruct", "datastruct\datastruct.vcxproj", "{1FD467D4-08AD-48B7-8FBB-53D49595597D}"
EndProject
Global
	GlobalSection(SolutionConfigurationPlatforms) = preSolution
		Debug|Win32 = Debug|Win32
		Release|Win32 = Release|Win32
	EndGlobalSection
	GlobalSection(ProjectConfigurationPlatforms) = postSolution
		{1FD467D4-08AD-48B7-8FBB-53D49595597D}.Debug|Win32.ActiveCfg = Debug|Win32
		{1FD467D4-08AD-48B7-8FBB-53D49595597D}.Debug|Win32.Build.0 = Debug|Win32
		{1FD467D4-08AD-48B7-8FBB-53D49595597D}.Release|Win32.ActiveCfg = Release|Win32
		{1FD467D4-08AD-48B7-8FBB-53D49595597D}.Release|Win32.Build.0 = Release|Win32
	EndGlobalSection
	GlobalSection(SolutionProperties) = preSolution
		HideSolutionNode = FALSE
	EndGlobalSection
EndGlobal
